
Microsoft Visual Studio Solution File, Format Version 12.00
# Visual Studio Version 17
VisualStudioVersion = 17.10.34916.146
MinimumVisualStudioVersion = 10.0.40219.1
Project("{9A19103F-16F7-4668-BE54-9A1E7A4F7556}") = "CadastroAPI", "CadastroAPI\CadastroAPI.csproj", "{060E577A-D791-4B55-9EDE-2D0150231A52}"
EndProject
Project("{FAE04EC0-301F-11D3-BF4B-00C04F79EFBC}") = "CadastroAPITests1", "CadastroAPITests1\CadastroAPITests1.csproj", "{56765910-D5C7-4F7A-A83E-6EF77018F04C}"
EndProject
Global
	GlobalSection(SolutionConfigurationPlatforms) = preSolution
		Debug|Any CPU = Debug|Any CPU
		Release|Any CPU = Release|Any CPU
	EndGlobalSection
	GlobalSection(ProjectConfigurationPlatforms) = postSolution
		{060E577A-D791-4B55-9EDE-2D0150231A52}.Debug|Any CPU.ActiveCfg = Debug|Any CPU
		{060E577A-D791-4B55-9EDE-2D0150231A52}.Debug|Any CPU.Build.0 = Debug|Any CPU
		{060E577A-D791-4B55-9EDE-2D0150231A52}.Release|Any CPU.ActiveCfg = Release|Any CPU
		{060E577A-D791-4B55-9EDE-2D0150231A52}.Release|Any CPU.Build.0 = Release|Any CPU
		{56765910-D5C7-4F7A-A83E-6EF77018F04C}.Debug|Any CPU.ActiveCfg = Debug|Any CPU
		{56765910-D5C7-4F7A-A83E-6EF77018F04C}.Debug|Any CPU.Build.0 = Debug|Any CPU
		{56765910-D5C7-4F7A-A83E-6EF77018F04C}.Release|Any CPU.ActiveCfg = Release|Any CPU
		{56765910-D5C7-4F7A-A83E-6EF77018F04C}.Release|Any CPU.Build.0 = Release|Any CPU
	EndGlobalSection
	GlobalSection(SolutionProperties) = preSolution
		HideSolutionNode = FALSE
	EndGlobalSection
	GlobalSection(ExtensibilityGlobals) = postSolution
		SolutionGuid = {A1E5B3A9-6492-4C08-82F3-33B7D22EE360}
	EndGlobalSection
EndGlobal
